dependencies:
  espressif/mdns:
    component_hash: d96d277207c4fec77ec290b7a8b0ca4043e10f407df0ff6aa52e54a94f0c54a5
    dependencies:
    - name: idf
      require: private
      version: '>=5.0'
    source:
      registry_url: https://components.espressif.com/
      type: service
    version: 1.2.4
  idf:
    source:
      type: idf
    version: 5.2.2
direct_dependencies:
- espressif/mdns
- idf
manifest_hash: d9d32754c80535b27daf78fa8ce6ac264cd2048ff7259ff19c37146542c4c1bc
target: esp32
version: 2.0.0
